
Microsoft Visual Studio Solution File, Format Version 12.00
# Visual Studio 15
VisualStudioVersion = 15.0.26403.7
MinimumVisualStudioVersion = 10.0.40219.1
Project("{8BC9CEB8-8B4A-11D0-8D11-00A0C91BC942}") = "word_guess", "word_guess\word_guess.vcxproj", "{345544EE-49FF-488B-989E-50907FD5278A}"
EndProject
Global
	GlobalSection(SolutionConfigurationPlatforms) = preSolution
		Debug|x64 = Debug|x64
		Debug|x86 = Debug|x86
		Release|x64 = Release|x64
		Release|x86 = Release|x86
	EndGlobalSection
	GlobalSection(ProjectConfigurationPlatforms) = postSolution
		{345544EE-49FF-488B-989E-50907FD5278A}.Debug|x64.ActiveCfg = Debug|x64
		{345544EE-49FF-488B-989E-50907FD5278A}.Debug|x64.Build.0 = Debug|x64
		{345544EE-49FF-488B-989E-50907FD5278A}.Debug|x86.ActiveCfg = Debug|Win32
		{345544EE-49FF-488B-989E-50907FD5278A}.Debug|x86.Build.0 = Debug|Win32
		{345544EE-49FF-488B-989E-50907FD5278A}.Release|x64.ActiveCfg = Release|x64
		{345544EE-49FF-488B-989E-50907FD5278A}.Release|x64.Build.0 = Release|x64
		{345544EE-49FF-488B-989E-50907FD5278A}.Release|x86.ActiveCfg = Release|Win32
		{345544EE-49FF-488B-989E-50907FD5278A}.Release|x86.Build.0 = Release|Win32
	EndGlobalSection
	GlobalSection(SolutionProperties) = preSolution
		HideSolutionNode = FALSE
	EndGlobalSection
EndGlobal
